<?xml version="1.0" encoding="utf-8"?>
<Project ToolsVersion="4.0" xmlns="http://schemas.microsoft.com/developer/msbuild/2003">
  <ItemGroup>
    <Filter Include="Archivos de recursos">
      <UniqueIdentifier>{67DA6AB6-F800-4c08-8B7A-83BB121AAD01}</UniqueIdentifier>
      <Extensions>rc;ico;cur;bmp;dlg;rc2;rct;bin;rgs;gif;jpg;jpeg;jpe;resx;tiff;tif;png;wav;mfcribbon-ms</Extensions>
    </Filter>
    <Filter Include="Game manager">
      <UniqueIdentifier>{243323af-eccd-43c6-ac1a-989e12e6877d}</UniqueIdentifier>
    </Filter>
    <Filter Include="Screens">
      <UniqueIdentifier>{1ec0ee55-1ddb-4509-bc3b-057ea44c05e2}</UniqueIdentifier>
    </Filter>
    <Filter Include="Screens\Menu">
      <UniqueIdentifier>{12ab8b68-9bef-4d79-83d2-2a0c647fbebd}</UniqueIdentifier>
    </Filter>
    <Filter Include="Screens\Gameplay">
      <UniqueIdentifier>{36084a05-638f-4393-873c-0d8036e15063}</UniqueIdentifier>
    </Filter>
    <Filter Include="Structs">
      <UniqueIdentifier>{f2932818-3219-423d-bcf4-aa3a22135f92}</UniqueIdentifier>
    </Filter>
    <Filter Include="Screens\Credits">
      <UniqueIdentifier>{b647b529-61b8-4709-82a7-fae6dea68cfa}</UniqueIdentifier>
    </Filter>
  </ItemGroup>
  <ItemGroup>
    <ClCompile Include="src\main.cpp" />
    <ClCompile Include="src\Game Manager\manager.cpp">
      <Filter>Game manager</Filter>
    </ClCompile>
    <ClCompile Include="src\Screens\Menu\menu.cpp">
      <Filter>Screens\Menu</Filter>
    </ClCompile>
    <ClCompile Include="src\Screens\Gameplay\gameplay.cpp">
      <Filter>Screens\Gameplay</Filter>
    </ClCompile>
  </ItemGroup>
  <ItemGroup>
    <ClInclude Include="src\Game Manager\manager.h">
      <Filter>Game manager</Filter>
    </ClInclude>
    <ClInclude Include="src\Screens\Menu\menu.h">
      <Filter>Screens\Menu</Filter>
    </ClInclude>
    <ClInclude Include="src\Screens\Gameplay\gameplay.h">
      <Filter>Screens\Gameplay</Filter>
    </ClInclude>
    <ClInclude Include="src\Structs\player.h">
      <Filter>Structs</Filter>
    </ClInclude>
    <ClInclude Include="src\Structs\ball.h">
      <Filter>Structs</Filter>
    </ClInclude>
  </ItemGroup>
</Project>